
Microsoft Visual Studio Solution File, Format Version 12.00
# Visual Studio 15
VisualStudioVersion = 15.0.28307.271
MinimumVisualStudioVersion = 10.0.40219.1
Project("{FAE04EC0-301F-11D3-BF4B-00C04F79EFBC}") = "Deliverable 2 Conditional Statements", "Deliverable 2 Conditional Statements\Deliverable 2 Conditional Statements.csproj", "{ACF9A834-B852-4879-B42E-20151C1E3DFC}"
EndProject
Global
	GlobalSection(SolutionConfigurationPlatforms) = preSolution
		Debug|Any CPU = Debug|Any CPU
		Release|Any CPU = Release|Any CPU
	EndGlobalSection
	GlobalSection(ProjectConfigurationPlatforms) = postSolution
		{ACF9A834-B852-4879-B42E-20151C1E3DFC}.Debug|Any CPU.ActiveCfg = Debug|Any CPU
		{ACF9A834-B852-4879-B42E-20151C1E3DFC}.Debug|Any CPU.Build.0 = Debug|Any CPU
		{ACF9A834-B852-4879-B42E-20151C1E3DFC}.Release|Any CPU.ActiveCfg = Release|Any CPU
		{ACF9A834-B852-4879-B42E-20151C1E3DFC}.Release|Any CPU.Build.0 = Release|Any CPU
	EndGlobalSection
	GlobalSection(SolutionProperties) = preSolution
		HideSolutionNode = FALSE
	EndGlobalSection
	GlobalSection(ExtensibilityGlobals) = postSolution
		SolutionGuid = {AB0DFAC9-3253-4284-BCC5-B1405E0E44E5}
	EndGlobalSection
EndGlobal
